
Microsoft Visual Studio Solution File, Format Version 12.00
# Visual Studio Version 16
VisualStudioVersion = 16.0.30114.128
MinimumVisualStudioVersion = 10.0.40219.1
Project("{2150E333-8FDC-42A3-9474-1A3956D46DE8}") = "src", "src", "{F5F2A827-45C5-4523-9358-53ECEF1D1867}"
EndProject
Project("{2150E333-8FDC-42A3-9474-1A3956D46DE8}") = "test", "test", "{21F25869-AA7D-4168-ACF3-B3219247BFBE}"
EndProject
Project("{FAE04EC0-301F-11D3-BF4B-00C04F79EFBC}") = "Bt.IPay.Net", "src\Bt.IPay.Net\Bt.IPay.Net.csproj", "{3D0B719A-F3F3-4228-97B1-E330B9D6D27A}"
EndProject
Project("{FAE04EC0-301F-11D3-BF4B-00C04F79EFBC}") = "Bt.IPay.Net.Tests", "test\Bt.IPay.Net.Tests\Bt.IPay.Net.Tests.csproj", "{45A27A90-0546-4507-AA7E-9B5D8BE514B6}"
EndProject
Global
	GlobalSection(SolutionConfigurationPlatforms) = preSolution
		Debug|Any CPU = Debug|Any CPU
		Release|Any CPU = Release|Any CPU
	EndGlobalSection
	GlobalSection(ProjectConfigurationPlatforms) = postSolution
		{3D0B719A-F3F3-4228-97B1-E330B9D6D27A}.Debug|Any CPU.ActiveCfg = Debug|Any CPU
		{3D0B719A-F3F3-4228-97B1-E330B9D6D27A}.Debug|Any CPU.Build.0 = Debug|Any CPU
		{3D0B719A-F3F3-4228-97B1-E330B9D6D27A}.Release|Any CPU.ActiveCfg = Release|Any CPU
		{3D0B719A-F3F3-4228-97B1-E330B9D6D27A}.Release|Any CPU.Build.0 = Release|Any CPU
		{45A27A90-0546-4507-AA7E-9B5D8BE514B6}.Debug|Any CPU.ActiveCfg = Debug|Any CPU
		{45A27A90-0546-4507-AA7E-9B5D8BE514B6}.Debug|Any CPU.Build.0 = Debug|Any CPU
		{45A27A90-0546-4507-AA7E-9B5D8BE514B6}.Release|Any CPU.ActiveCfg = Release|Any CPU
		{45A27A90-0546-4507-AA7E-9B5D8BE514B6}.Release|Any CPU.Build.0 = Release|Any CPU
	EndGlobalSection
	GlobalSection(SolutionProperties) = preSolution
		HideSolutionNode = FALSE
	EndGlobalSection
	GlobalSection(NestedProjects) = preSolution
		{3D0B719A-F3F3-4228-97B1-E330B9D6D27A} = {F5F2A827-45C5-4523-9358-53ECEF1D1867}
		{45A27A90-0546-4507-AA7E-9B5D8BE514B6} = {21F25869-AA7D-4168-ACF3-B3219247BFBE}
	EndGlobalSection
	GlobalSection(ExtensibilityGlobals) = postSolution
		SolutionGuid = {D50EEB42-27A3-4D7F-A1AD-925EB4F770E2}
	EndGlobalSection
EndGlobal
